
Microsoft Visual Studio Solution File, Format Version 12.00
# Visual Studio Version 16
VisualStudioVersion = 16.0.32413.511
MinimumVisualStudioVersion = 10.0.40219.1
Project("{FAE04EC0-301F-11D3-BF4B-00C04F79EFBC}") = "GitTest", "GitTest\GitTest.csproj", "{B0A1AF92-2D04-4296-8DFE-ABD8F68EA133}"
EndProject
Global
	GlobalSection(SolutionConfigurationPlatforms) = preSolution
		Debug|Any CPU = Debug|Any CPU
		Release|Any CPU = Release|Any CPU
	EndGlobalSection
	GlobalSection(ProjectConfigurationPlatforms) = postSolution
		{B0A1AF92-2D04-4296-8DFE-ABD8F68EA133}.Debug|Any CPU.ActiveCfg = Debug|Any CPU
		{B0A1AF92-2D04-4296-8DFE-ABD8F68EA133}.Debug|Any CPU.Build.0 = Debug|Any CPU
		{B0A1AF92-2D04-4296-8DFE-ABD8F68EA133}.Release|Any CPU.ActiveCfg = Release|Any CPU
		{B0A1AF92-2D04-4296-8DFE-ABD8F68EA133}.Release|Any CPU.Build.0 = Release|Any CPU
	EndGlobalSection
	GlobalSection(SolutionProperties) = preSolution
		HideSolutionNode = FALSE
	EndGlobalSection
	GlobalSection(ExtensibilityGlobals) = postSolution
		SolutionGuid = {22B27043-08E1-4303-9FF9-B60927536CAB}
	EndGlobalSection
EndGlobal
